
Microsoft Visual Studio Solution File, Format Version 12.00
# Visual Studio Version 16
VisualStudioVersion = 16.0.29123.88
MinimumVisualStudioVersion = 10.0.40219.1
Project("{FAE04EC0-301F-11D3-BF4B-00C04F79EFBC}") = "TidyFiles", "TidyFiles\TidyFiles.csproj", "{DF3744E7-E470-4400-8177-252C9A278B77}"
EndProject
Project("{FAE04EC0-301F-11D3-BF4B-00C04F79EFBC}") = "TestProject", "TestProject\TestProject.csproj", "{A4B44AC9-DE32-4DA1-ABEB-3F81AE921961}"
EndProject
Project("{2150E333-8FDC-42A3-9474-1A3956D46DE8}") = "Solution Items", "Solution Items", "{69AA8655-3A77-42DA-8008-C4C9FD73549A}"
	ProjectSection(SolutionItems) = preProject
		TidyFiles.sln = TidyFiles.sln
	EndProjectSection
EndProject
Project("{FAE04EC0-301F-11D3-BF4B-00C04F79EFBC}") = "MSTest", "MSTest\MSTest.csproj", "{DF8D6CFD-E215-4D11-8D03-E97F9BFE8A18}"
EndProject
Project("{FAE04EC0-301F-11D3-BF4B-00C04F79EFBC}") = "xUnitTest", "xUnitTest\xUnitTest.csproj", "{6D8A1BE4-C733-4BAD-9606-1CD4FC067463}"
EndProject
Project("{FAE04EC0-301F-11D3-BF4B-00C04F79EFBC}") = "NUnitTest", "NUnitTest\NUnitTest.csproj", "{C9F5A692-8DE5-4839-94D4-321B4D9331F9}"
EndProject
Project("{FAE04EC0-301F-11D3-BF4B-00C04F79EFBC}") = "TidyFilesConsole", "TidyFilesConsole\TidyFilesConsole.csproj", "{CF91B330-4EBA-4EE1-AFBB-7FD2CC274B22}"
EndProject
Global
	GlobalSection(SolutionConfigurationPlatforms) = preSolution
		Debug|Any CPU = Debug|Any CPU
		Release|Any CPU = Release|Any CPU
	EndGlobalSection
	GlobalSection(ProjectConfigurationPlatforms) = postSolution
		{DF3744E7-E470-4400-8177-252C9A278B77}.Debug|Any CPU.ActiveCfg = Debug|Any CPU
		{DF3744E7-E470-4400-8177-252C9A278B77}.Debug|Any CPU.Build.0 = Debug|Any CPU
		{DF3744E7-E470-4400-8177-252C9A278B77}.Release|Any CPU.ActiveCfg = Release|Any CPU
		{DF3744E7-E470-4400-8177-252C9A278B77}.Release|Any CPU.Build.0 = Release|Any CPU
		{A4B44AC9-DE32-4DA1-ABEB-3F81AE921961}.Debug|Any CPU.ActiveCfg = Debug|Any CPU
		{A4B44AC9-DE32-4DA1-ABEB-3F81AE921961}.Debug|Any CPU.Build.0 = Debug|Any CPU
		{A4B44AC9-DE32-4DA1-ABEB-3F81AE921961}.Release|Any CPU.ActiveCfg = Release|Any CPU
		{A4B44AC9-DE32-4DA1-ABEB-3F81AE921961}.Release|Any CPU.Build.0 = Release|Any CPU
		{DF8D6CFD-E215-4D11-8D03-E97F9BFE8A18}.Debug|Any CPU.ActiveCfg = Debug|Any CPU
		{DF8D6CFD-E215-4D11-8D03-E97F9BFE8A18}.Debug|Any CPU.Build.0 = Debug|Any CPU
		{DF8D6CFD-E215-4D11-8D03-E97F9BFE8A18}.Release|Any CPU.ActiveCfg = Release|Any CPU
		{DF8D6CFD-E215-4D11-8D03-E97F9BFE8A18}.Release|Any CPU.Build.0 = Release|Any CPU
		{6D8A1BE4-C733-4BAD-9606-1CD4FC067463}.Debug|Any CPU.ActiveCfg = Debug|Any CPU
		{6D8A1BE4-C733-4BAD-9606-1CD4FC067463}.Debug|Any CPU.Build.0 = Debug|Any CPU
		{6D8A1BE4-C733-4BAD-9606-1CD4FC067463}.Release|Any CPU.ActiveCfg = Release|Any CPU
		{6D8A1BE4-C733-4BAD-9606-1CD4FC067463}.Release|Any CPU.Build.0 = Release|Any CPU
		{C9F5A692-8DE5-4839-94D4-321B4D9331F9}.Debug|Any CPU.ActiveCfg = Debug|Any CPU
		{C9F5A692-8DE5-4839-94D4-321B4D9331F9}.Debug|Any CPU.Build.0 = Debug|Any CPU
		{C9F5A692-8DE5-4839-94D4-321B4D9331F9}.Release|Any CPU.ActiveCfg = Release|Any CPU
		{C9F5A692-8DE5-4839-94D4-321B4D9331F9}.Release|Any CPU.Build.0 = Release|Any CPU
		{CF91B330-4EBA-4EE1-AFBB-7FD2CC274B22}.Debug|Any CPU.ActiveCfg = Debug|Any CPU
		{CF91B330-4EBA-4EE1-AFBB-7FD2CC274B22}.Debug|Any CPU.Build.0 = Debug|Any CPU
		{CF91B330-4EBA-4EE1-AFBB-7FD2CC274B22}.Release|Any CPU.ActiveCfg = Release|Any CPU
		{CF91B330-4EBA-4EE1-AFBB-7FD2CC274B22}.Release|Any CPU.Build.0 = Release|Any CPU
	EndGlobalSection
	GlobalSection(SolutionProperties) = preSolution
		HideSolutionNode = FALSE
	EndGlobalSection
	GlobalSection(ExtensibilityGlobals) = postSolution
		SolutionGuid = {9FFE2619-BA58-4BBC-A307-370FE1A6178D}
	EndGlobalSection
EndGlobal
